
Microsoft Visual Studio Solution File, Format Version 12.00
# Visual Studio Version 17
VisualStudioVersion = 17.3.32901.215
MinimumVisualStudioVersion = 10.0.40219.1
Project("{FAE04EC0-301F-11D3-BF4B-00C04F79EFBC}") = "sinav4-847", "sinav4-847\sinav4-847.csproj", "{6D5C9E5A-8918-4033-A79B-4CB4D326DA8E}"
EndProject
Global
	GlobalSection(SolutionConfigurationPlatforms) = preSolution
		Debug|Any CPU = Debug|Any CPU
		Release|Any CPU = Release|Any CPU
	EndGlobalSection
	GlobalSection(ProjectConfigurationPlatforms) = postSolution
		{6D5C9E5A-8918-4033-A79B-4CB4D326DA8E}.Debug|Any CPU.ActiveCfg = Debug|Any CPU
		{6D5C9E5A-8918-4033-A79B-4CB4D326DA8E}.Debug|Any CPU.Build.0 = Debug|Any CPU
		{6D5C9E5A-8918-4033-A79B-4CB4D326DA8E}.Release|Any CPU.ActiveCfg = Release|Any CPU
		{6D5C9E5A-8918-4033-A79B-4CB4D326DA8E}.Release|Any CPU.Build.0 = Release|Any CPU
	EndGlobalSection
	GlobalSection(SolutionProperties) = preSolution
		HideSolutionNode = FALSE
	EndGlobalSection
	GlobalSection(ExtensibilityGlobals) = postSolution
		SolutionGuid = {D7A49810-AF8E-4298-A168-0A5D8E7E1922}
	EndGlobalSection
EndGlobal
